
Microsoft Visual Studio Solution File, Format Version 12.00
# Visual Studio Version 16
VisualStudioVersion = 16.0.31105.61
MinimumVisualStudioVersion = 10.0.40219.1
Project("{8BC9CEB8-8B4A-11D0-8D11-00A0C91BC942}") = "VaKeyboard", "VaKeyboard\VaKeyboard.vcxproj", "{C5F80730-F44F-4478-BDAE-6634EFC2CA88}"
EndProject
Project("{8BC9CEB8-8B4A-11D0-8D11-00A0C91BC942}") = "KeyboardSDK", "KeyboardSDK\KeyboardSDK.vcxitems", "{677ED7B8-91D7-4136-8F7A-4B0389538589}"
EndProject
Global
	GlobalSection(SharedMSBuildProjectFiles) = preSolution
		KeyboardSDK\KeyboardSDK.vcxitems*{677ed7b8-91d7-4136-8f7a-4b0389538589}*SharedItemsImports = 9
		KeyboardSDK\KeyboardSDK.vcxitems*{c5f80730-f44f-4478-bdae-6634efc2ca88}*SharedItemsImports = 4
	EndGlobalSection
	GlobalSection(SolutionConfigurationPlatforms) = preSolution
		Debug|x86 = Debug|x86
		Release|x86 = Release|x86
	EndGlobalSection
	GlobalSection(ProjectConfigurationPlatforms) = postSolution
		{C5F80730-F44F-4478-BDAE-6634EFC2CA88}.Debug|x86.ActiveCfg = Debug|Win32
		{C5F80730-F44F-4478-BDAE-6634EFC2CA88}.Debug|x86.Build.0 = Debug|Win32
		{C5F80730-F44F-4478-BDAE-6634EFC2CA88}.Release|x86.ActiveCfg = Release|Win32
		{C5F80730-F44F-4478-BDAE-6634EFC2CA88}.Release|x86.Build.0 = Release|Win32
	EndGlobalSection
	GlobalSection(SolutionProperties) = preSolution
		HideSolutionNode = FALSE
	EndGlobalSection
	GlobalSection(ExtensibilityGlobals) = postSolution
		SolutionGuid = {6FDD44F7-2CBF-4761-858D-A28F2685FAF1}
	EndGlobalSection
EndGlobal
