
Microsoft Visual Studio Solution File, Format Version 12.00
# Visual Studio Version 17
VisualStudioVersion = 17.0.32014.148
MinimumVisualStudioVersion = 10.0.40219.1
Project("{FAE04EC0-301F-11D3-BF4B-00C04F79EFBC}") = "Keyboard", "Keyboard\Keyboard.csproj", "{779CC8F2-69A6-47C2-B67C-5F312BDCE870}"
EndProject
Global
	GlobalSection(SolutionConfigurationPlatforms) = preSolution
		Debug|Any CPU = Debug|Any CPU
		Release|Any CPU = Release|Any CPU
	EndGlobalSection
	GlobalSection(ProjectConfigurationPlatforms) = postSolution
		{779CC8F2-69A6-47C2-B67C-5F312BDCE870}.Debug|Any CPU.ActiveCfg = Debug|Any CPU
		{779CC8F2-69A6-47C2-B67C-5F312BDCE870}.Debug|Any CPU.Build.0 = Debug|Any CPU
		{779CC8F2-69A6-47C2-B67C-5F312BDCE870}.Debug|Any CPU.Deploy.0 = Debug|Any CPU
		{779CC8F2-69A6-47C2-B67C-5F312BDCE870}.Release|Any CPU.ActiveCfg = Release|Any CPU
		{779CC8F2-69A6-47C2-B67C-5F312BDCE870}.Release|Any CPU.Build.0 = Release|Any CPU
		{779CC8F2-69A6-47C2-B67C-5F312BDCE870}.Release|Any CPU.Deploy.0 = Release|Any CPU
	EndGlobalSection
	GlobalSection(SolutionProperties) = preSolution
		HideSolutionNode = FALSE
	EndGlobalSection
	GlobalSection(ExtensibilityGlobals) = postSolution
		SolutionGuid = {6BDC72EB-3AF6-4EE4-8697-0E74F61C08D2}
	EndGlobalSection
EndGlobal
